
Microsoft Visual Studio Solution File, Format Version 12.00
# Visual Studio Version 17
VisualStudioVersion = 17.9.34723.18
MinimumVisualStudioVersion = 10.0.40219.1
Project("{9A19103F-16F7-4668-BE54-9A1E7A4F7556}") = "EmployeeAPI", "EmployeeAPI\EmployeeAPI.csproj", "{33504564-6DDC-47FD-8698-49B26F7AB6BA}"
EndProject
Project("{9A19103F-16F7-4668-BE54-9A1E7A4F7556}") = "EmployeeMVC", "EmployeeMVC\EmployeeMVC.csproj", "{1F7F5B59-6397-40AE-BDBC-92D8E362B650}"
EndProject
Project("{9A19103F-16F7-4668-BE54-9A1E7A4F7556}") = "EmployeeShared", "EmployeeShared\EmployeeShared.csproj", "{0439A6F9-E8DA-4868-96CB-11DAB040A613}"
EndProject
Project("{FAE04EC0-301F-11D3-BF4B-00C04F79EFBC}") = "Employee.UnitTests", "Employee.UnitTests\Employee.UnitTests.csproj", "{03C48AE2-02FD-4E4D-AFAB-EC3F0BADE020}"
EndProject
Global
	GlobalSection(SolutionConfigurationPlatforms) = preSolution
		Debug|Any CPU = Debug|Any CPU
		Release|Any CPU = Release|Any CPU
	EndGlobalSection
	GlobalSection(ProjectConfigurationPlatforms) = postSolution
		{33504564-6DDC-47FD-8698-49B26F7AB6BA}.Debug|Any CPU.ActiveCfg = Debug|Any CPU
		{33504564-6DDC-47FD-8698-49B26F7AB6BA}.Debug|Any CPU.Build.0 = Debug|Any CPU
		{33504564-6DDC-47FD-8698-49B26F7AB6BA}.Release|Any CPU.ActiveCfg = Release|Any CPU
		{33504564-6DDC-47FD-8698-49B26F7AB6BA}.Release|Any CPU.Build.0 = Release|Any CPU
		{1F7F5B59-6397-40AE-BDBC-92D8E362B650}.Debug|Any CPU.ActiveCfg = Debug|Any CPU
		{1F7F5B59-6397-40AE-BDBC-92D8E362B650}.Debug|Any CPU.Build.0 = Debug|Any CPU
		{1F7F5B59-6397-40AE-BDBC-92D8E362B650}.Release|Any CPU.ActiveCfg = Release|Any CPU
		{1F7F5B59-6397-40AE-BDBC-92D8E362B650}.Release|Any CPU.Build.0 = Release|Any CPU
		{0439A6F9-E8DA-4868-96CB-11DAB040A613}.Debug|Any CPU.ActiveCfg = Debug|Any CPU
		{0439A6F9-E8DA-4868-96CB-11DAB040A613}.Debug|Any CPU.Build.0 = Debug|Any CPU
		{0439A6F9-E8DA-4868-96CB-11DAB040A613}.Release|Any CPU.ActiveCfg = Release|Any CPU
		{0439A6F9-E8DA-4868-96CB-11DAB040A613}.Release|Any CPU.Build.0 = Release|Any CPU
		{03C48AE2-02FD-4E4D-AFAB-EC3F0BADE020}.Debug|Any CPU.ActiveCfg = Debug|Any CPU
		{03C48AE2-02FD-4E4D-AFAB-EC3F0BADE020}.Debug|Any CPU.Build.0 = Debug|Any CPU
		{03C48AE2-02FD-4E4D-AFAB-EC3F0BADE020}.Release|Any CPU.ActiveCfg = Release|Any CPU
		{03C48AE2-02FD-4E4D-AFAB-EC3F0BADE020}.Release|Any CPU.Build.0 = Release|Any CPU
	EndGlobalSection
	GlobalSection(SolutionProperties) = preSolution
		HideSolutionNode = FALSE
	EndGlobalSection
	GlobalSection(ExtensibilityGlobals) = postSolution
		SolutionGuid = {64CE0E70-51AA-42E4-AC82-B769F92E72B2}
	EndGlobalSection
EndGlobal
